
Microsoft Visual Studio Solution File, Format Version 12.00
# Visual Studio Version 17
VisualStudioVersion = 17.11.35303.130
MinimumVisualStudioVersion = 10.0.40219.1
Project("{FAE04EC0-301F-11D3-BF4B-00C04F79EFBC}") = "ProyectoAspNetCRUD", "ProyectoAspNetCRUD\ProyectoAspNetCRUD.csproj", "{48C79DCA-632D-4C97-BDEF-CB0EA2FCC3DE}"
EndProject
Global
	GlobalSection(SolutionConfigurationPlatforms) = preSolution
		Debug|Any CPU = Debug|Any CPU
		Release|Any CPU = Release|Any CPU
	EndGlobalSection
	GlobalSection(ProjectConfigurationPlatforms) = postSolution
		{48C79DCA-632D-4C97-BDEF-CB0EA2FCC3DE}.Debug|Any CPU.ActiveCfg = Debug|Any CPU
		{48C79DCA-632D-4C97-BDEF-CB0EA2FCC3DE}.Debug|Any CPU.Build.0 = Debug|Any CPU
		{48C79DCA-632D-4C97-BDEF-CB0EA2FCC3DE}.Release|Any CPU.ActiveCfg = Release|Any CPU
		{48C79DCA-632D-4C97-BDEF-CB0EA2FCC3DE}.Release|Any CPU.Build.0 = Release|Any CPU
	EndGlobalSection
	GlobalSection(SolutionProperties) = preSolution
		HideSolutionNode = FALSE
	EndGlobalSection
	GlobalSection(ExtensibilityGlobals) = postSolution
		SolutionGuid = {08635ECA-32CD-4910-853C-67C6FC4D75D6}
	EndGlobalSection
EndGlobal
